
Microsoft Visual Studio Solution File, Format Version 11.00
# Visual Studio 2010
Project("{FAE04EC0-301F-11D3-BF4B-00C04F79EFBC}") = "MyCMS.Domain", "MyCMS.Domain\MyCMS.Domain.csproj", "{7ECBB2A0-C60E-4D0D-8BEB-81C7DDE89D3B}"
EndProject
Project("{FAE04EC0-301F-11D3-BF4B-00C04F79EFBC}") = "MyCMS.Data", "MyCMS.Data\MyCMS.Data.csproj", "{3780F64F-22F8-488D-BC61-E4D571A58164}"
EndProject
Project("{FAE04EC0-301F-11D3-BF4B-00C04F79EFBC}") = "MyCMS.Web", "MyCMS.Web\MyCMS.Web.csproj", "{B49E2B0F-180A-48B6-8324-6D378EB5E74B}"
EndProject
Project("{FAE04EC0-301F-11D3-BF4B-00C04F79EFBC}") = "MyCMS.Infrastructure", "MyCMS.Infrastructure\MyCMS.Infrastructure.csproj", "{82E48CCF-6EA2-48A1-A78C-78078BC04666}"
EndProject
Global
	GlobalSection(SolutionConfigurationPlatforms) = preSolution
		Debug|Any CPU = Debug|Any CPU
		Release|Any CPU = Release|Any CPU
	EndGlobalSection
	GlobalSection(ProjectConfigurationPlatforms) = postSolution
		{7ECBB2A0-C60E-4D0D-8BEB-81C7DDE89D3B}.Debug|Any CPU.ActiveCfg = Debug|Any CPU
		{7ECBB2A0-C60E-4D0D-8BEB-81C7DDE89D3B}.Debug|Any CPU.Build.0 = Debug|Any CPU
		{7ECBB2A0-C60E-4D0D-8BEB-81C7DDE89D3B}.Release|Any CPU.ActiveCfg = Release|Any CPU
		{7ECBB2A0-C60E-4D0D-8BEB-81C7DDE89D3B}.Release|Any CPU.Build.0 = Release|Any CPU
		{3780F64F-22F8-488D-BC61-E4D571A58164}.Debug|Any CPU.ActiveCfg = Debug|Any CPU
		{3780F64F-22F8-488D-BC61-E4D571A58164}.Debug|Any CPU.Build.0 = Debug|Any CPU
		{3780F64F-22F8-488D-BC61-E4D571A58164}.Release|Any CPU.ActiveCfg = Release|Any CPU
		{3780F64F-22F8-488D-BC61-E4D571A58164}.Release|Any CPU.Build.0 = Release|Any CPU
		{B49E2B0F-180A-48B6-8324-6D378EB5E74B}.Debug|Any CPU.ActiveCfg = Debug|Any CPU
		{B49E2B0F-180A-48B6-8324-6D378EB5E74B}.Debug|Any CPU.Build.0 = Debug|Any CPU
		{B49E2B0F-180A-48B6-8324-6D378EB5E74B}.Release|Any CPU.ActiveCfg = Release|Any CPU
		{B49E2B0F-180A-48B6-8324-6D378EB5E74B}.Release|Any CPU.Build.0 = Release|Any CPU
		{82E48CCF-6EA2-48A1-A78C-78078BC04666}.Debug|Any CPU.ActiveCfg = Debug|Any CPU
		{82E48CCF-6EA2-48A1-A78C-78078BC04666}.Debug|Any CPU.Build.0 = Debug|Any CPU
		{82E48CCF-6EA2-48A1-A78C-78078BC04666}.Release|Any CPU.ActiveCfg = Release|Any CPU
		{82E48CCF-6EA2-48A1-A78C-78078BC04666}.Release|Any CPU.Build.0 = Release|Any CPU
	EndGlobalSection
	GlobalSection(SolutionProperties) = preSolution
		HideSolutionNode = FALSE
	EndGlobalSection
EndGlobal
